
Microsoft Visual Studio Solution File, Format Version 12.00
# Visual Studio Version 18
VisualStudioVersion = 18.4.11626.88 stable
MinimumVisualStudioVersion = 10.0.40219.1
Project("{FAE04EC0-301F-11D3-BF4B-00C04F79EFBC}") = "DentusClinic.API", "DentusClinic.API.csproj", "{BA14F534-3AA2-B96B-82DF-956B56B70EE4}"
EndProject
Global
	GlobalSection(SolutionConfigurationPlatforms) = preSolution
		Debug|Any CPU = Debug|Any CPU
		Release|Any CPU = Release|Any CPU
	EndGlobalSection
	GlobalSection(ProjectConfigurationPlatforms) = postSolution
		{BA14F534-3AA2-B96B-82DF-956B56B70EE4}.Debug|Any CPU.ActiveCfg = Debug|Any CPU
		{BA14F534-3AA2-B96B-82DF-956B56B70EE4}.Debug|Any CPU.Build.0 = Debug|Any CPU
		{BA14F534-3AA2-B96B-82DF-956B56B70EE4}.Release|Any CPU.ActiveCfg = Release|Any CPU
		{BA14F534-3AA2-B96B-82DF-956B56B70EE4}.Release|Any CPU.Build.0 = Release|Any CPU
	EndGlobalSection
	GlobalSection(SolutionProperties) = preSolution
		HideSolutionNode = FALSE
	EndGlobalSection
	GlobalSection(ExtensibilityGlobals) = postSolution
		SolutionGuid = {FADBB3B2-8740-4F70-AA62-BBDA13388E6A}
	EndGlobalSection
EndGlobal
